
Microsoft Visual Studio Solution File, Format Version 12.00
# Visual Studio Version 16
VisualStudioVersion = 16.0.30011.22
MinimumVisualStudioVersion = 10.0.40219.1
Project("{9A19103F-16F7-4668-BE54-9A1E7A4F7556}") = "ShinyResetApp", "ShinyResetApp\ShinyResetApp.csproj", "{F1A7D528-36E2-40EB-8377-D6A8842F5F96}"
EndProject
Global
	GlobalSection(SolutionConfigurationPlatforms) = preSolution
		Debug|Any CPU = Debug|Any CPU
		Release|Any CPU = Release|Any CPU
	EndGlobalSection
	GlobalSection(ProjectConfigurationPlatforms) = postSolution
		{F1A7D528-36E2-40EB-8377-D6A8842F5F96}.Debug|Any CPU.ActiveCfg = Debug|Any CPU
		{F1A7D528-36E2-40EB-8377-D6A8842F5F96}.Debug|Any CPU.Build.0 = Debug|Any CPU
		{F1A7D528-36E2-40EB-8377-D6A8842F5F96}.Release|Any CPU.ActiveCfg = Release|Any CPU
		{F1A7D528-36E2-40EB-8377-D6A8842F5F96}.Release|Any CPU.Build.0 = Release|Any CPU
	EndGlobalSection
	GlobalSection(SolutionProperties) = preSolution
		HideSolutionNode = FALSE
	EndGlobalSection
	GlobalSection(ExtensibilityGlobals) = postSolution
		SolutionGuid = {23189347-DDFE-434F-8C94-77A2BDEFD191}
	EndGlobalSection
EndGlobal
